Microsoft Visual Studio Solution File, Format Version 11.00
# Visual Studio 2008

Project("{A1AB0828-93DF-C42E-A095-FE8DC13C1FC6}") = "AugmentedTime", "Assembly-CSharp.csproj", "{A5857F19-DFEA-13D7-79FC-470326CFC537}"
EndProject
Global
	GlobalSection(SolutionConfigurationPlatforms) = preSolution
		Debug|Any CPU = Debug|Any CPU
		Release|Any CPU = Release|Any CPU
	EndGlobalSection
	GlobalSection(ProjectConfigurationPlatforms) = postSolution
		{A5857F19-DFEA-13D7-79FC-470326CFC537}.Debug|Any CPU.ActiveCfg = Debug|Any CPU
		{A5857F19-DFEA-13D7-79FC-470326CFC537}.Debug|Any CPU.Build.0 = Debug|Any CPU
		{A5857F19-DFEA-13D7-79FC-470326CFC537}.Release|Any CPU.ActiveCfg = Release|Any CPU
		{A5857F19-DFEA-13D7-79FC-470326CFC537}.Release|Any CPU.Build.0 = Release|Any CPU
	EndGlobalSection
	GlobalSection(SolutionProperties) = preSolution
		HideSolutionNode = FALSE
	EndGlobalSection
	GlobalSection(MonoDevelopProperties) = preSolution
		StartupItem = Assembly-CSharp.csproj
	EndGlobalSection
EndGlobal
